<?xml version="1.0" encoding="utf-8"?>
<Project ToolsVersion="4.0" xmlns="http://schemas.microsoft.com/developer/msbuild/2003">
  <ItemGroup>
    <Filter Include="win32">
      <UniqueIdentifier>{84a8ebd7-7cf0-47f6-b75e-d441df67da40}</UniqueIdentifier>
    </Filter>
    <Filter Include="resource">
      <UniqueIdentifier>{715254bc-d70b-4ec5-bf29-467dd3ace079}</UniqueIdentifier>
    </Filter>
    <Filter Include="src">
      <UniqueIdentifier>{bb6c862e-70e9-49d9-81b7-3829a6f50471}</UniqueIdentifier>
    </Filter>
    <Filter Include="src\ChessScene">
      <UniqueIdentifier>{c0291b2d-cbfb-48c6-b17f-e7b131c6d18f}</UniqueIdentifier>
    </Filter>
    <Filter Include="src\ChessScene\Picecs">
      <UniqueIdentifier>{e86040b3-7f42-4b8c-b424-97f4f5395135}</UniqueIdentifier>
    </Filter>
  </ItemGroup>
  <ItemGroup>
    <ClCompile Include="main.cpp">
      <Filter>win32</Filter>
    </ClCompile>
    <ClCompile Include="..\Classes\ChessScene\BoardLayer.cpp">
      <Filter>src\ChessScene</Filter>
    </ClCompile>
    <ClCompile Include="..\Classes\ChessScene\ChessScene.cpp">
      <Filter>src\ChessScene</Filter>
    </ClCompile>
    <ClCompile Include="..\Classes\ChessScene\TimerLayer.cpp">
      <Filter>src\ChessScene</Filter>
    </ClCompile>
    <ClCompile Include="..\Classes\ChessScene\UILayer.cpp">
      <Filter>src\ChessScene</Filter>
    </ClCompile>
    <ClCompile Include="..\Classes\AppDelegate.cpp">
      <Filter>src</Filter>
    </ClCompile>
    <ClCompile Include="..\Classes\ChessUtility.cpp">
      <Filter>src</Filter>
    </ClCompile>
    <ClCompile Include="..\Classes\RowCol.cpp">
      <Filter>src</Filter>
    </ClCompile>
    <ClCompile Include="..\Classes\ChessScene\Computer.cpp">
      <Filter>src\ChessScene</Filter>
    </ClCompile>
    <ClCompile Include="..\Classes\ChessScene\Pieces\ChessBishop.cpp">
      <Filter>src\ChessScene\Picecs</Filter>
    </ClCompile>
    <ClCompile Include="..\Classes\ChessScene\Pieces\ChessKing.cpp">
      <Filter>src\ChessScene\Picecs</Filter>
    </ClCompile>
    <ClCompile Include="..\Classes\ChessScene\Pieces\ChessKnight.cpp">
      <Filter>src\ChessScene\Picecs</Filter>
    </ClCompile>
    <ClCompile Include="..\Classes\ChessScene\Pieces\ChessPawn.cpp">
      <Filter>src\ChessScene\Picecs</Filter>
    </ClCompile>
    <ClCompile Include="..\Classes\ChessScene\Pieces\ChessPiece.cpp">
      <Filter>src\ChessScene\Picecs</Filter>
    </ClCompile>
    <ClCompile Include="..\Classes\ChessScene\Pieces\ChessQueen.cpp">
      <Filter>src\ChessScene\Picecs</Filter>
    </ClCompile>
    <ClCompile Include="..\Classes\ChessScene\Pieces\ChessRook.cpp">
      <Filter>src\ChessScene\Picecs</Filter>
    </ClCompile>
  </ItemGroup>
  <ItemGroup>
    <ClInclude Include="main.h">
      <Filter>win32</Filter>
    </ClInclude>
    <ClInclude Include="..\Classes\ChessScene\BoardLayer.h">
      <Filter>src\ChessScene</Filter>
    </ClInclude>
    <ClInclude Include="..\Classes\ChessScene\ChessScene.h">
      <Filter>src\ChessScene</Filter>
    </ClInclude>
    <ClInclude Include="..\Classes\ChessScene\TimerLayer.h">
      <Filter>src\ChessScene</Filter>
    </ClInclude>
    <ClInclude Include="..\Classes\ChessScene\UILayer.h">
      <Filter>src\ChessScene</Filter>
    </ClInclude>
    <ClInclude Include="..\Classes\AppDelegate.h">
      <Filter>src</Filter>
    </ClInclude>
    <ClInclude Include="..\Classes\ChessUtility.h">
      <Filter>src</Filter>
    </ClInclude>
    <ClInclude Include="..\Classes\RowCol.h">
      <Filter>src</Filter>
    </ClInclude>
    <ClInclude Include="..\Classes\ChessScene\Computer.h">
      <Filter>src\ChessScene</Filter>
    </ClInclude>
    <ClInclude Include="..\Classes\ChessScene\Pieces\ChessBishop.h">
      <Filter>src\ChessScene\Picecs</Filter>
    </ClInclude>
    <ClInclude Include="..\Classes\ChessScene\Pieces\ChessKing.h">
      <Filter>src\ChessScene\Picecs</Filter>
    </ClInclude>
    <ClInclude Include="..\Classes\ChessScene\Pieces\ChessKnight.h">
      <Filter>src\ChessScene\Picecs</Filter>
    </ClInclude>
    <ClInclude Include="..\Classes\ChessScene\Pieces\ChessPawn.h">
      <Filter>src\ChessScene\Picecs</Filter>
    </ClInclude>
    <ClInclude Include="..\Classes\ChessScene\Pieces\ChessPiece.h">
      <Filter>src\ChessScene\Picecs</Filter>
    </ClInclude>
    <ClInclude Include="..\Classes\ChessScene\Pieces\ChessQueen.h">
      <Filter>src\ChessScene\Picecs</Filter>
    </ClInclude>
    <ClInclude Include="..\Classes\ChessScene\Pieces\ChessRook.h">
      <Filter>src\ChessScene\Picecs</Filter>
    </ClInclude>
    <ClInclude Include="..\Classes\ChessScene\Pieces\Pieces.h">
      <Filter>src\ChessScene\Picecs</Filter>
    </ClInclude>
    <ClInclude Include="..\Classes\GameState.h">
      <Filter>src</Filter>
    </ClInclude>
  </ItemGroup>
  <ItemGroup>
    <ResourceCompile Include="game.rc">
      <Filter>resource</Filter>
    </ResourceCompile>
  </ItemGroup>
</Project>